// !$*UTF8*$!
{
	archiveVersion = 1;
	classes = {
	};
	objectVersion = 55;
	objects = {

/* Begin PBXBuildFile section */
		3ED6CE982B6F7D04009F5685 /* ProductPageTestApp.swift in Sources */ = {isa = PBXBuildFile; fileRef = 3ED6CE972B6F7D04009F5685 /* ProductPageTestApp.swift */; };
		3ED6CE9A2B6F7D04009F5685 /* ProductPageView.swift in Sources */ = {isa = PBXBuildFile; fileRef = 3ED6CE992B6F7D04009F5685 /* ProductPageView.swift */; };
		3ED6CE9C2B6F7D07009F5685 /* Assets.xcassets in Resources */ = {isa = PBXBuildFile; fileRef = 3ED6CE9B2B6F7D07009F5685 /* Assets.xcassets */; };
		3ED6CE9F2B6F7D07009F5685 /* Preview Assets.xcassets in Resources */ = {isa = PBXBuildFile; fileRef = 3ED6CE9E2B6F7D07009F5685 /* Preview Assets.xcassets */; };
		3ED6CEA72B6F7D78009F5685 /* Constants.swift in Sources */ = {isa = PBXBuildFile; fileRef = 3ED6CEA62B6F7D78009F5685 /* Constants.swift */; };
		3ED6CEA92B6F7E09009F5685 /* TopButtonView.swift in Sources */ = {isa = PBXBuildFile; fileRef = 3ED6CEA82B6F7E09009F5685 /* TopButtonView.swift */; };
		3ED6CEAB2B6F7E7C009F5685 /* ImageProductView.swift in Sources */ = {isa = PBXBuildFile; fileRef = 3ED6CEAA2B6F7E7C009F5685 /* ImageProductView.swift */; };
		3ED6CEAD2B6F7EA6009F5685 /* ProductOriginView.swift in Sources */ = {isa = PBXBuildFile; fileRef = 3ED6CEAC2B6F7EA6009F5685 /* ProductOriginView.swift */; };
		3ED6CEAF2B6F7ECE009F5685 /* TitleProductView.swift in Sources */ = {isa = PBXBuildFile; fileRef = 3ED6CEAE2B6F7ECE009F5685 /* TitleProductView.swift */; };
		3ED6CEB12B6F7F07009F5685 /* ProductBriefView.swift in Sources */ = {isa = PBXBuildFile; fileRef = 3ED6CEB02B6F7F07009F5685 /* ProductBriefView.swift */; };
		3ED6CEB32B6F7F31009F5685 /* TopBarView.swift in Sources */ = {isa = PBXBuildFile; fileRef = 3ED6CEB22B6F7F31009F5685 /* TopBarView.swift */; };
		3ED6CEB52B6F7F5F009F5685 /* StarRatingView.swift in Sources */ = {isa = PBXBuildFile; fileRef = 3ED6CEB42B6F7F5F009F5685 /* StarRatingView.swift */; };
		3ED6CEB72B6F7F8E009F5685 /* BottomBarView.swift in Sources */ = {isa = PBXBuildFile; fileRef = 3ED6CEB62B6F7F8E009F5685 /* BottomBarView.swift */; };
		3ED6CEB92B6F7FBB009F5685 /* FeedbackCardView.swift in Sources */ = {isa = PBXBuildFile; fileRef = 3ED6CEB82B6F7FBB009F5685 /* FeedbackCardView.swift */; };
		3ED6CEBB2B6F7FF0009F5685 /* FeedbackView.swift in Sources */ = {isa = PBXBuildFile; fileRef = 3ED6CEBA2B6F7FF0009F5685 /* FeedbackView.swift */; };
		3ED6CEBD2B6F801C009F5685 /* MainFeaturesView.swift in Sources */ = {isa = PBXBuildFile; fileRef = 3ED6CEBC2B6F801C009F5685 /* MainFeaturesView.swift */; };
		3ED6CEBF2B6F804B009F5685 /* DescriptionView.swift in Sources */ = {isa = PBXBuildFile; fileRef = 3ED6CEBE2B6F804B009F5685 /* DescriptionView.swift */; };
		3ED6CEC12B6F806D009F5685 /* ProductContentView.swift in Sources */ = {isa = PBXBuildFile; fileRef = 3ED6CEC02B6F806D009F5685 /* ProductContentView.swift */; };
		3ED6CEC42B6F80BD009F5685 /* CustomBarItemView.swift in Sources */ = {isa = PBXBuildFile; fileRef = 3ED6CEC32B6F80BD009F5685 /* CustomBarItemView.swift */; };
		3ED6CEC62B6F80E3009F5685 /* ValuePriceView.swift in Sources */ = {isa = PBXBuildFile; fileRef = 3ED6CEC52B6F80E3009F5685 /* ValuePriceView.swift */; };
		3ED6CEC82B6F8100009F5685 /* PriceBarView.swift in Sources */ = {isa = PBXBuildFile; fileRef = 3ED6CEC72B6F8100009F5685 /* PriceBarView.swift */; };
		3ED6CECA2B6F811E009F5685 /* SelectCountView.swift in Sources */ = {isa = PBXBuildFile; fileRef = 3ED6CEC92B6F811E009F5685 /* SelectCountView.swift */; };
		3ED6CECC2B6F8148009F5685 /* PickerBarView.swift in Sources */ = {isa = PBXBuildFile; fileRef = 3ED6CECB2B6F8148009F5685 /* PickerBarView.swift */; };
		3ED6CEE82B6FB463009F5685 /* DiscountView.swift in Sources */ = {isa = PBXBuildFile; fileRef = 3ED6CEE72B6FB463009F5685 /* DiscountView.swift */; };
/* End PBXBuildFile section */

/* Begin PBXFileReference section */
		3ED6CE942B6F7D04009F5685 /* ProductPageTest.app */ = {isa = PBXFileReference; explicitFileType = wrapper.application; includeInIndex = 0; path = ProductPageTest.app; sourceTree = BUILT_PRODUCTS_DIR; };
		3ED6CE972B6F7D04009F5685 /* ProductPageTestApp.swift */ = {isa = PBXFileReference; lastKnownFileType = sourcecode.swift; path = ProductPageTestApp.swift; sourceTree = "<group>"; };
		3ED6CE992B6F7D04009F5685 /* ProductPageView.swift */ = {isa = PBXFileReference; lastKnownFileType = sourcecode.swift; path = ProductPageView.swift; sourceTree = "<group>"; };
		3ED6CE9B2B6F7D07009F5685 /* Assets.xcassets */ = {isa = PBXFileReference; lastKnownFileType = folder.assetcatalog; path = Assets.xcassets; sourceTree = "<group>"; };
		3ED6CE9E2B6F7D07009F5685 /* Preview Assets.xcassets */ = {isa = PBXFileReference; lastKnownFileType = folder.assetcatalog; path = "Preview Assets.xcassets"; sourceTree = "<group>"; };
		3ED6CEA62B6F7D78009F5685 /* Constants.swift */ = {isa = PBXFileReference; lastKnownFileType = sourcecode.swift; path = Constants.swift; sourceTree = "<group>"; };
		3ED6CEA82B6F7E09009F5685 /* TopButtonView.swift */ = {isa = PBXFileReference; lastKnownFileType = sourcecode.swift; path = TopButtonView.swift; sourceTree = "<group>"; };
		3ED6CEAA2B6F7E7C009F5685 /* ImageProductView.swift */ = {isa = PBXFileReference; lastKnownFileType = sourcecode.swift; path = ImageProductView.swift; sourceTree = "<group>"; };
		3ED6CEAC2B6F7EA6009F5685 /* ProductOriginView.swift */ = {isa = PBXFileReference; lastKnownFileType = sourcecode.swift; path = ProductOriginView.swift; sourceTree = "<group>"; };
		3ED6CEAE2B6F7ECE009F5685 /* TitleProductView.swift */ = {isa = PBXFileReference; lastKnownFileType = sourcecode.swift; path = TitleProductView.swift; sourceTree = "<group>"; };
		3ED6CEB02B6F7F07009F5685 /* ProductBriefView.swift */ = {isa = PBXFileReference; lastKnownFileType = sourcecode.swift; path = ProductBriefView.swift; sourceTree = "<group>"; };
		3ED6CEB22B6F7F31009F5685 /* TopBarView.swift */ = {isa = PBXFileReference; lastKnownFileType = sourcecode.swift; path = TopBarView.swift; sourceTree = "<group>"; };
		3ED6CEB42B6F7F5F009F5685 /* StarRatingView.swift */ = {isa = PBXFileReference; lastKnownFileType = sourcecode.swift; path = StarRatingView.swift; sourceTree = "<group>"; };
		3ED6CEB62B6F7F8E009F5685 /* BottomBarView.swift */ = {isa = PBXFileReference; lastKnownFileType = sourcecode.swift; path = BottomBarView.swift; sourceTree = "<group>"; };
		3ED6CEB82B6F7FBB009F5685 /* FeedbackCardView.swift */ = {isa = PBXFileReference; lastKnownFileType = sourcecode.swift; path = FeedbackCardView.swift; sourceTree = "<group>"; };
		3ED6CEBA2B6F7FF0009F5685 /* FeedbackView.swift */ = {isa = PBXFileReference; lastKnownFileType = sourcecode.swift; path = FeedbackView.swift; sourceTree = "<group>"; };
		3ED6CEBC2B6F801C009F5685 /* MainFeaturesView.swift */ = {isa = PBXFileReference; lastKnownFileType = sourcecode.swift; path = MainFeaturesView.swift; sourceTree = "<group>"; };
		3ED6CEBE2B6F804B009F5685 /* DescriptionView.swift */ = {isa = PBXFileReference; lastKnownFileType = sourcecode.swift; path = DescriptionView.swift; sourceTree = "<group>"; };
		3ED6CEC02B6F806D009F5685 /* ProductContentView.swift */ = {isa = PBXFileReference; lastKnownFileType = sourcecode.swift; path = ProductContentView.swift; sourceTree = "<group>"; };
		3ED6CEC32B6F80BD009F5685 /* CustomBarItemView.swift */ = {isa = PBXFileReference; lastKnownFileType = sourcecode.swift; path = CustomBarItemView.swift; sourceTree = "<group>"; };
		3ED6CEC52B6F80E3009F5685 /* ValuePriceView.swift */ = {isa = PBXFileReference; lastKnownFileType = sourcecode.swift; path = ValuePriceView.swift; sourceTree = "<group>"; };
		3ED6CEC72B6F8100009F5685 /* PriceBarView.swift */ = {isa = PBXFileReference; lastKnownFileType = sourcecode.swift; path = PriceBarView.swift; sourceTree = "<group>"; };
		3ED6CEC92B6F811E009F5685 /* SelectCountView.swift */ = {isa = PBXFileReference; lastKnownFileType = sourcecode.swift; path = SelectCountView.swift; sourceTree = "<group>"; };
		3ED6CECB2B6F8148009F5685 /* PickerBarView.swift */ = {isa = PBXFileReference; lastKnownFileType = sourcecode.swift; path = PickerBarView.swift; sourceTree = "<group>"; };
		3ED6CEE72B6FB463009F5685 /* DiscountView.swift */ = {isa = PBXFileReference; lastKnownFileType = sourcecode.swift; path = DiscountView.swift; sourceTree = "<group>"; };
/* End PBXFileReference section */

/* Begin PBXFrameworksBuildPhase section */
		3ED6CE912B6F7D04009F5685 /* Frameworks */ = {
			isa = PBXFrameworksBuildPhase;
			buildActionMask = 2147483647;
			files = (
			);
			runOnlyForDeploymentPostprocessing = 0;
		};
/* End PBXFrameworksBuildPhase section */

/* Begin PBXGroup section */
		3ED6CE8B2B6F7D04009F5685 = {
			isa = PBXGroup;
			children = (
				3ED6CE962B6F7D04009F5685 /* ProductPageTest */,
				3ED6CE952B6F7D04009F5685 /* Products */,
			);
			sourceTree = "<group>";
		};
		3ED6CE952B6F7D04009F5685 /* Products */ = {
			isa = PBXGroup;
			children = (
				3ED6CE942B6F7D04009F5685 /* ProductPageTest.app */,
			);
			name = Products;
			sourceTree = "<group>";
		};
		3ED6CE962B6F7D04009F5685 /* ProductPageTest */ = {
			isa = PBXGroup;
			children = (
				3ED6CEA52B6F7D30009F5685 /* Components */,
				3ED6CE972B6F7D04009F5685 /* ProductPageTestApp.swift */,
				3ED6CE992B6F7D04009F5685 /* ProductPageView.swift */,
				3ED6CEA62B6F7D78009F5685 /* Constants.swift */,
				3ED6CE9B2B6F7D07009F5685 /* Assets.xcassets */,
				3ED6CE9D2B6F7D07009F5685 /* Preview Content */,
			);
			path = ProductPageTest;
			sourceTree = "<group>";
		};
		3ED6CE9D2B6F7D07009F5685 /* Preview Content */ = {
			isa = PBXGroup;
			children = (
				3ED6CE9E2B6F7D07009F5685 /* Preview Assets.xcassets */,
			);
			path = "Preview Content";
			sourceTree = "<group>";
		};
		3ED6CEA52B6F7D30009F5685 /* Components */ = {
			isa = PBXGroup;
			children = (
				3ED6CEC22B6F808D009F5685 /* BottomBarComponents */,
				3ED6CEA82B6F7E09009F5685 /* TopButtonView.swift */,
				3ED6CEAA2B6F7E7C009F5685 /* ImageProductView.swift */,
				3ED6CEAC2B6F7EA6009F5685 /* ProductOriginView.swift */,
				3ED6CEAE2B6F7ECE009F5685 /* TitleProductView.swift */,
				3ED6CEB02B6F7F07009F5685 /* ProductBriefView.swift */,
				3ED6CEE72B6FB463009F5685 /* DiscountView.swift */,
				3ED6CEB22B6F7F31009F5685 /* TopBarView.swift */,
				3ED6CEB42B6F7F5F009F5685 /* StarRatingView.swift */,
				3ED6CEB62B6F7F8E009F5685 /* BottomBarView.swift */,
				3ED6CEB82B6F7FBB009F5685 /* FeedbackCardView.swift */,
				3ED6CEBA2B6F7FF0009F5685 /* FeedbackView.swift */,
				3ED6CEBC2B6F801C009F5685 /* MainFeaturesView.swift */,
				3ED6CEBE2B6F804B009F5685 /* DescriptionView.swift */,
				3ED6CEC02B6F806D009F5685 /* ProductContentView.swift */,
			);
			path = Components;
			sourceTree = "<group>";
		};
		3ED6CEC22B6F808D009F5685 /* BottomBarComponents */ = {
			isa = PBXGroup;
			children = (
				3ED6CEC32B6F80BD009F5685 /* CustomBarItemView.swift */,
				3ED6CEC52B6F80E3009F5685 /* ValuePriceView.swift */,
				3ED6CEC72B6F8100009F5685 /* PriceBarView.swift */,
				3ED6CEC92B6F811E009F5685 /* SelectCountView.swift */,
				3ED6CECB2B6F8148009F5685 /* PickerBarView.swift */,
			);
			path = BottomBarComponents;
			sourceTree = "<group>";
		};
/* End PBXGroup section */

/* Begin PBXNativeTarget section */
		3ED6CE932B6F7D04009F5685 /* ProductPageTest */ = {
			isa = PBXNativeTarget;
			buildConfigurationList = 3ED6CEA22B6F7D07009F5685 /* Build configuration list for PBXNativeTarget "ProductPageTest" */;
			buildPhases = (
				3ED6CE902B6F7D04009F5685 /* Sources */,
				3ED6CE912B6F7D04009F5685 /* Frameworks */,
				3ED6CE922B6F7D04009F5685 /* Resources */,
			);
			buildRules = (
			);
			dependencies = (
			);
			name = ProductPageTest;
			productName = ProductPageTest;
			productReference = 3ED6CE942B6F7D04009F5685 /* ProductPageTest.app */;
			productType = "com.apple.product-type.application";
		};
/* End PBXNativeTarget section */

/* Begin PBXProject section */
		3ED6CE8C2B6F7D04009F5685 /* Project object */ = {
			isa = PBXProject;
			attributes = {
				BuildIndependentTargetsInParallel = 1;
				LastSwiftUpdateCheck = 1320;
				LastUpgradeCheck = 1320;
				TargetAttributes = {
					3ED6CE932B6F7D04009F5685 = {
						CreatedOnToolsVersion = 13.2;
					};
				};
			};
			buildConfigurationList = 3ED6CE8F2B6F7D04009F5685 /* Build configuration list for PBXProject "ProductPageTest" */;
			compatibilityVersion = "Xcode 13.0";
			developmentRegion = en;
			hasScannedForEncodings = 0;
			knownRegions = (
				en,
				Base,
			);
			mainGroup = 3ED6CE8B2B6F7D04009F5685;
			productRefGroup = 3ED6CE952B6F7D04009F5685 /* Products */;
			projectDirPath = "";
			projectRoot = "";
			targets = (
				3ED6CE932B6F7D04009F5685 /* ProductPageTest */,
			);
		};
/* End PBXProject section */

/* Begin PBXResourcesBuildPhase section */
		3ED6CE922B6F7D04009F5685 /* Resources */ = {
			isa = PBXResourcesBuildPhase;
			buildActionMask = 2147483647;
			files = (
				3ED6CE9F2B6F7D07009F5685 /* Preview Assets.xcassets in Resources */,
				3ED6CE9C2B6F7D07009F5685 /* Assets.xcassets in Resources */,
			);
			runOnlyForDeploymentPostprocessing = 0;
		};
/* End PBXResourcesBuildPhase section */

/* Begin PBXSourcesBuildPhase section */
		3ED6CE902B6F7D04009F5685 /* Sources */ = {
			isa = PBXSourcesBuildPhase;
			buildActionMask = 2147483647;
			files = (
				3ED6CEAD2B6F7EA6009F5685 /* ProductOriginView.swift in Sources */,
				3ED6CEB32B6F7F31009F5685 /* TopBarView.swift in Sources */,
				3ED6CEAB2B6F7E7C009F5685 /* ImageProductView.swift in Sources */,
				3ED6CEB52B6F7F5F009F5685 /* StarRatingView.swift in Sources */,
				3ED6CEB72B6F7F8E009F5685 /* BottomBarView.swift in Sources */,
				3ED6CEAF2B6F7ECE009F5685 /* TitleProductView.swift in Sources */,
				3ED6CEC42B6F80BD009F5685 /* CustomBarItemView.swift in Sources */,
				3ED6CEA92B6F7E09009F5685 /* TopButtonView.swift in Sources */,
				3ED6CECA2B6F811E009F5685 /* SelectCountView.swift in Sources */,
				3ED6CE9A2B6F7D04009F5685 /* ProductPageView.swift in Sources */,
				3ED6CECC2B6F8148009F5685 /* PickerBarView.swift in Sources */,
				3ED6CEC82B6F8100009F5685 /* PriceBarView.swift in Sources */,
				3ED6CEBD2B6F801C009F5685 /* MainFeaturesView.swift in Sources */,
				3ED6CEC62B6F80E3009F5685 /* ValuePriceView.swift in Sources */,
				3ED6CEE82B6FB463009F5685 /* DiscountView.swift in Sources */,
				3ED6CEBF2B6F804B009F5685 /* DescriptionView.swift in Sources */,
				3ED6CEC12B6F806D009F5685 /* ProductContentView.swift in Sources */,
				3ED6CEB12B6F7F07009F5685 /* ProductBriefView.swift in Sources */,
				3ED6CE982B6F7D04009F5685 /* ProductPageTestApp.swift in Sources */,
				3ED6CEA72B6F7D78009F5685 /* Constants.swift in Sources */,
				3ED6CEBB2B6F7FF0009F5685 /* FeedbackView.swift in Sources */,
				3ED6CEB92B6F7FBB009F5685 /* FeedbackCardView.swift in Sources */,
			);
			runOnlyForDeploymentPostprocessing = 0;
		};
/* End PBXSourcesBuildPhase section */

/* Begin XCBuildConfiguration section */
		3ED6CEA02B6F7D07009F5685 /* Debug */ = {
			isa = XCBuildConfiguration;
			buildSettings = {
				ALWAYS_SEARCH_USER_PATHS = NO;
				CLANG_ANALYZER_NONNULL = YES;
				CLANG_ANALYZER_NUMBER_OBJECT_CONVERSION = YES_AGGRESSIVE;
				CLANG_CXX_LANGUAGE_STANDARD = "gnu++17";
				CLANG_CXX_LIBRARY = "libc++";
				CLANG_ENABLE_MODULES = YES;
				CLANG_ENABLE_OBJC_ARC = YES;
				CLANG_ENABLE_OBJC_WEAK = YES;
				CLANG_WARN_BLOCK_CAPTURE_AUTORELEASING = YES;
				CLANG_WARN_BOOL_CONVERSION = YES;
				CLANG_WARN_COMMA = YES;
				CLANG_WARN_CONSTANT_CONVERSION = YES;
				CLANG_WARN_DEPRECATED_OBJC_IMPLEMENTATIONS = YES;
				CLANG_WARN_DIRECT_OBJC_ISA_USAGE = YES_ERROR;
				CLANG_WARN_DOCUMENTATION_COMMENTS = YES;
				CLANG_WARN_EMPTY_BODY = YES;
				CLANG_WARN_ENUM_CONVERSION = YES;
				CLANG_WARN_INFINITE_RECURSION = YES;
				CLANG_WARN_INT_CONVERSION = YES;
				CLANG_WARN_NON_LITERAL_NULL_CONVERSION = YES;
				CLANG_WARN_OBJC_IMPLICIT_RETAIN_SELF = YES;
				CLANG_WARN_OBJC_LITERAL_CONVERSION = YES;
				CLANG_WARN_OBJC_ROOT_CLASS = YES_ERROR;
				CLANG_WARN_QUOTED_INCLUDE_IN_FRAMEWORK_HEADER = YES;
				CLANG_WARN_RANGE_LOOP_ANALYSIS = YES;
				CLANG_WARN_STRICT_PROTOTYPES = YES;
				CLANG_WARN_SUSPICIOUS_MOVE = YES;
				CLANG_WARN_UNGUARDED_AVAILABILITY = YES_AGGRESSIVE;
				CLANG_WARN_UNREACHABLE_CODE = YES;
				CLANG_WARN__DUPLICATE_METHOD_MATCH = YES;
				COPY_PHASE_STRIP = NO;
				DEBUG_INFORMATION_FORMAT = dwarf;
				ENABLE_STRICT_OBJC_MSGSEND = YES;
				ENABLE_TESTABILITY = YES;
				GCC_C_LANGUAGE_STANDARD = gnu11;
				GCC_DYNAMIC_NO_PIC = NO;
				GCC_NO_COMMON_BLOCKS = YES;
				GCC_OPTIMIZATION_LEVEL = 0;
				GCC_PREPROCESSOR_DEFINITIONS = (
					"DEBUG=1",
					"$(inherited)",
				);
				GCC_WARN_64_TO_32_BIT_CONVERSION = YES;
				GCC_WARN_ABOUT_RETURN_TYPE = YES_ERROR;
				GCC_WARN_UNDECLARED_SELECTOR = YES;
				GCC_WARN_UNINITIALIZED_AUTOS = YES_AGGRESSIVE;
				GCC_WARN_UNUSED_FUNCTION = YES;
				GCC_WARN_UNUSED_VARIABLE = YES;
				IPHONEOS_DEPLOYMENT_TARGET = 14.0;
				MTL_ENABLE_DEBUG_INFO = INCLUDE_SOURCE;
				MTL_FAST_MATH = YES;
				ONLY_ACTIVE_ARCH = YES;
				SDKROOT = iphoneos;
				SWIFT_ACTIVE_COMPILATION_CONDITIONS = DEBUG;
				SWIFT_OPTIMIZATION_LEVEL = "-Onone";
			};
			name = Debug;
		};
		3ED6CEA12B6F7D07009F5685 /* Release */ = {
			isa = XCBuildConfiguration;
			buildSettings = {
				ALWAYS_SEARCH_USER_PATHS = NO;
				CLANG_ANALYZER_NONNULL = YES;
				CLANG_ANALYZER_NUMBER_OBJECT_CONVERSION = YES_AGGRESSIVE;
				CLANG_CXX_LANGUAGE_STANDARD = "gnu++17";
				CLANG_CXX_LIBRARY = "libc++";
				CLANG_ENABLE_MODULES = YES;
				CLANG_ENABLE_OBJC_ARC = YES;
				CLANG_ENABLE_OBJC_WEAK = YES;
				CLANG_WARN_BLOCK_CAPTURE_AUTORELEASING = YES;
				CLANG_WARN_BOOL_CONVERSION = YES;
				CLANG_WARN_COMMA = YES;
				CLANG_WARN_CONSTANT_CONVERSION = YES;
				CLANG_WARN_DEPRECATED_OBJC_IMPLEMENTATIONS = YES;
				CLANG_WARN_DIRECT_OBJC_ISA_USAGE = YES_ERROR;
				CLANG_WARN_DOCUMENTATION_COMMENTS = YES;
				CLANG_WARN_EMPTY_BODY = YES;
				CLANG_WARN_ENUM_CONVERSION = YES;
				CLANG_WARN_INFINITE_RECURSION = YES;
				CLANG_WARN_INT_CONVERSION = YES;
				CLANG_WARN_NON_LITERAL_NULL_CONVERSION = YES;
				CLANG_WARN_OBJC_IMPLICIT_RETAIN_SELF = YES;
				CLANG_WARN_OBJC_LITERAL_CONVERSION = YES;
				CLANG_WARN_OBJC_ROOT_CLASS = YES_ERROR;
				CLANG_WARN_QUOTED_INCLUDE_IN_FRAMEWORK_HEADER = YES;
				CLANG_WARN_RANGE_LOOP_ANALYSIS = YES;
				CLANG_WARN_STRICT_PROTOTYPES = YES;
				CLANG_WARN_SUSPICIOUS_MOVE = YES;
				CLANG_WARN_UNGUARDED_AVAILABILITY = YES_AGGRESSIVE;
				CLANG_WARN_UNREACHABLE_CODE = YES;
				CLANG_WARN__DUPLICATE_METHOD_MATCH = YES;
				COPY_PHASE_STRIP = NO;
				DEBUG_INFORMATION_FORMAT = "dwarf-with-dsym";
				ENABLE_NS_ASSERTIONS = NO;
				ENABLE_STRICT_OBJC_MSGSEND = YES;
				GCC_C_LANGUAGE_STANDARD = gnu11;
				GCC_NO_COMMON_BLOCKS = YES;
				GCC_WARN_64_TO_32_BIT_CONVERSION = YES;
				GCC_WARN_ABOUT_RETURN_TYPE = YES_ERROR;
				GCC_WARN_UNDECLARED_SELECTOR = YES;
				GCC_WARN_UNINITIALIZED_AUTOS = YES_AGGRESSIVE;
				GCC_WARN_UNUSED_FUNCTION = YES;
				GCC_WARN_UNUSED_VARIABLE = YES;
				IPHONEOS_DEPLOYMENT_TARGET = 14.0;
				MTL_ENABLE_DEBUG_INFO = NO;
				MTL_FAST_MATH = YES;
				SDKROOT = iphoneos;
				SWIFT_COMPILATION_MODE = wholemodule;
				SWIFT_OPTIMIZATION_LEVEL = "-O";
				VALIDATE_PRODUCT = YES;
			};
			name = Release;
		};
		3ED6CEA32B6F7D07009F5685 /* Debug */ = {
			isa = XCBuildConfiguration;
			buildSettings = {
				ASSETCATALOG_COMPILER_APPICON_NAME = AppIcon;
				ASSETCATALOG_COMPILER_GLOBAL_ACCENT_COLOR_NAME = AccentColor;
				CODE_SIGN_STYLE = Automatic;
				CURRENT_PROJECT_VERSION = 1;
				DEVELOPMENT_ASSET_PATHS = "\"ProductPageTest/Preview Content\"";
				ENABLE_PREVIEWS = YES;
				GENERATE_INFOPLIST_FILE = YES;
				INFOPLIST_KEY_UIApplicationSceneManifest_Generation = YES;
				INFOPLIST_KEY_UIApplicationSupportsIndirectInputEvents = YES;
				INFOPLIST_KEY_UILaunchScreen_Generation = YES;
				INFOPLIST_KEY_UISupportedInterfaceOrientations_iPad = "UIInterfaceOrientationPortrait UIInterfaceOrientationPortraitUpsideDown UIInterfaceOrientationLandscapeLeft UIInterfaceOrientationLandscapeRight";
				INFOPLIST_KEY_UISupportedInterfaceOrientations_iPhone = "UIInterfaceOrientationPortrait UIInterfaceOrientationLandscapeLeft UIInterfaceOrientationLandscapeRight";
				IPHONEOS_DEPLOYMENT_TARGET = 14.0;
				LD_RUNPATH_SEARCH_PATHS = (
					"$(inherited)",
					"@executable_path/Frameworks",
				);
				MARKETING_VERSION = 1.0;
				PRODUCT_BUNDLE_IDENTIFIER = Connect.ProductPageTest;
				PRODUCT_NAME = "$(TARGET_NAME)";
				SWIFT_EMIT_LOC_STRINGS = YES;
				SWIFT_VERSION = 5.0;
				TARGETED_DEVICE_FAMILY = 1;
			};
			name = Debug;
		};
		3ED6CEA42B6F7D07009F5685 /* Release */ = {
			isa = XCBuildConfiguration;
			buildSettings = {
				ASSETCATALOG_COMPILER_APPICON_NAME = AppIcon;
				ASSETCATALOG_COMPILER_GLOBAL_ACCENT_COLOR_NAME = AccentColor;
				CODE_SIGN_STYLE = Automatic;
				CURRENT_PROJECT_VERSION = 1;
				DEVELOPMENT_ASSET_PATHS = "\"ProductPageTest/Preview Content\"";
				ENABLE_PREVIEWS = YES;
				GENERATE_INFOPLIST_FILE = YES;
				INFOPLIST_KEY_UIApplicationSceneManifest_Generation = YES;
				INFOPLIST_KEY_UIApplicationSupportsIndirectInputEvents = YES;
				INFOPLIST_KEY_UILaunchScreen_Generation = YES;
				INFOPLIST_KEY_UISupportedInterfaceOrientations_iPad = "UIInterfaceOrientationPortrait UIInterfaceOrientationPortraitUpsideDown UIInterfaceOrientationLandscapeLeft UIInterfaceOrientationLandscapeRight";
				INFOPLIST_KEY_UISupportedInterfaceOrientations_iPhone = "UIInterfaceOrientationPortrait UIInterfaceOrientationLandscapeLeft UIInterfaceOrientationLandscapeRight";
				IPHONEOS_DEPLOYMENT_TARGET = 14.0;
				LD_RUNPATH_SEARCH_PATHS = (
					"$(inherited)",
					"@executable_path/Frameworks",
				);
				MARKETING_VERSION = 1.0;
				PRODUCT_BUNDLE_IDENTIFIER = Connect.ProductPageTest;
				PRODUCT_NAME = "$(TARGET_NAME)";
				SWIFT_EMIT_LOC_STRINGS = YES;
				SWIFT_VERSION = 5.0;
				TARGETED_DEVICE_FAMILY = 1;
			};
			name = Release;
		};
/* End XCBuildConfiguration section */

/* Begin XCConfigurationList section */
		3ED6CE8F2B6F7D04009F5685 /* Build configuration list for PBXProject "ProductPageTest" */ = {
			isa = XCConfigurationList;
			buildConfigurations = (
				3ED6CEA02B6F7D07009F5685 /* Debug */,
				3ED6CEA12B6F7D07009F5685 /* Release */,
			);
			defaultConfigurationIsVisible = 0;
			defaultConfigurationName = Release;
		};
		3ED6CEA22B6F7D07009F5685 /* Build configuration list for PBXNativeTarget "ProductPageTest" */ = {
			isa = XCConfigurationList;
			buildConfigurations = (
				3ED6CEA32B6F7D07009F5685 /* Debug */,
				3ED6CEA42B6F7D07009F5685 /* Release */,
			);
			defaultConfigurationIsVisible = 0;
			defaultConfigurationName = Release;
		};
/* End XCConfigurationList section */
	};
	rootObject = 3ED6CE8C2B6F7D04009F5685 /* Project object */;
}
